// !$*UTF8*$!
{
	archiveVersion = 1;
	classes = {
	};
	objectVersion = 50;
	objects = {

/* Begin PBXBuildFile section */
		0C0DE8EAE73332C604221D25 /* Pods_Do_It_For_The_Gram.framework in Frameworks */ = {isa = PBXBuildFile; fileRef = CF2C358A39F57E64B9D5686C /* Pods_Do_It_For_The_Gram.framework */; };
		8C0C649821E97270005F2E2A /* AppDelegate.swift in Sources */ = {isa = PBXBuildFile; fileRef = 8C0C649721E97270005F2E2A /* AppDelegate.swift */; };
		8C0C649A21E97270005F2E2A /* ViewController.swift in Sources */ = {isa = PBXBuildFile; fileRef = 8C0C649921E97270005F2E2A /* ViewController.swift */; };
		8C0C649D21E97270005F2E2A /* Main.storyboard in Resources */ = {isa = PBXBuildFile; fileRef = 8C0C649B21E97270005F2E2A /* Main.storyboard */; };
		8C0C649F21E97271005F2E2A /* Assets.xcassets in Resources */ = {isa = PBXBuildFile; fileRef = 8C0C649E21E97271005F2E2A /* Assets.xcassets */; };
		8C0C64A221E97271005F2E2A /* LaunchScreen.storyboard in Resources */ = {isa = PBXBuildFile; fileRef = 8C0C64A021E97271005F2E2A /* LaunchScreen.storyboard */; };
		8CC41E6C21E99AF800885BD1 /* PhotoViewController.swift in Sources */ = {isa = PBXBuildFile; fileRef = 8CC41E6B21E99AF800885BD1 /* PhotoViewController.swift */; };
/* End PBXBuildFile section */

/* Begin PBXFileReference section */
		8C0C649421E97270005F2E2A /* Do It For The Gram.app */ = {isa = PBXFileReference; explicitFileType = wrapper.application; includeInIndex = 0; path = "Do It For The Gram.app"; sourceTree = BUILT_PRODUCTS_DIR; };
		8C0C649721E97270005F2E2A /* AppDelegate.swift */ = {isa = PBXFileReference; lastKnownFileType = sourcecode.swift; path = AppDelegate.swift; sourceTree = "<group>"; };
		8C0C649921E97270005F2E2A /* ViewController.swift */ = {isa = PBXFileReference; lastKnownFileType = sourcecode.swift; path = ViewController.swift; sourceTree = "<group>"; };
		8C0C649C21E97270005F2E2A /* Base */ = {isa = PBXFileReference; lastKnownFileType = file.storyboard; name = Base; path = Base.lproj/Main.storyboard; sourceTree = "<group>"; };
		8C0C649E21E97271005F2E2A /* Assets.xcassets */ = {isa = PBXFileReference; lastKnownFileType = folder.assetcatalog; path = Assets.xcassets; sourceTree = "<group>"; };
		8C0C64A121E97271005F2E2A /* Base */ = {isa = PBXFileReference; lastKnownFileType = file.storyboard; name = Base; path = Base.lproj/LaunchScreen.storyboard; sourceTree = "<group>"; };
		8C0C64A321E97271005F2E2A /* Info.plist */ = {isa = PBXFileReference; lastKnownFileType = text.plist.xml; path = Info.plist; sourceTree = "<group>"; };
		8CC41E6B21E99AF800885BD1 /* PhotoViewController.swift */ = {isa = PBXFileReference; lastKnownFileType = sourcecode.swift; path = PhotoViewController.swift; sourceTree = "<group>"; };
		998CADD35ED7FA174907109E /* Pods-Do It For The Gram.release.xcconfig */ = {isa = PBXFileReference; includeInIndex = 1; lastKnownFileType = text.xcconfig; name = "Pods-Do It For The Gram.release.xcconfig"; path = "Pods/Target Support Files/Pods-Do It For The Gram/Pods-Do It For The Gram.release.xcconfig"; sourceTree = "<group>"; };
		CF2C358A39F57E64B9D5686C /* Pods_Do_It_For_The_Gram.framework */ = {isa = PBXFileReference; explicitFileType = wrapper.framework; includeInIndex = 0; path = Pods_Do_It_For_The_Gram.framework; sourceTree = BUILT_PRODUCTS_DIR; };
		DCC3CF9E0BF819A72CB52FAE /* Pods-Do It For The Gram.debug.xcconfig */ = {isa = PBXFileReference; includeInIndex = 1; lastKnownFileType = text.xcconfig; name = "Pods-Do It For The Gram.debug.xcconfig"; path = "Pods/Target Support Files/Pods-Do It For The Gram/Pods-Do It For The Gram.debug.xcconfig"; sourceTree = "<group>"; };
/* End PBXFileReference section */

/* Begin PBXFrameworksBuildPhase section */
		8C0C649121E97270005F2E2A /* Frameworks */ = {
			isa = PBXFrameworksBuildPhase;
			buildActionMask = 2147483647;
			files = (
				0C0DE8EAE73332C604221D25 /* Pods_Do_It_For_The_Gram.framework in Frameworks */,
			);
			runOnlyForDeploymentPostprocessing = 0;
		};
/* End PBXFrameworksBuildPhase section */

/* Begin PBXGroup section */
		8C0C648B21E97270005F2E2A = {
			isa = PBXGroup;
			children = (
				8C0C649621E97270005F2E2A /* Do It For The Gram */,
				8C0C649521E97270005F2E2A /* Products */,
				E15B8F9955A6194A79833CC7 /* Pods */,
				B2448DDD5635BBBBC8EACD43 /* Frameworks */,
			);
			sourceTree = "<group>";
		};
		8C0C649521E97270005F2E2A /* Products */ = {
			isa = PBXGroup;
			children = (
				8C0C649421E97270005F2E2A /* Do It For The Gram.app */,
			);
			name = Products;
			sourceTree = "<group>";
		};
		8C0C649621E97270005F2E2A /* Do It For The Gram */ = {
			isa = PBXGroup;
			children = (
				8C0C649721E97270005F2E2A /* AppDelegate.swift */,
				8C0C649921E97270005F2E2A /* ViewController.swift */,
				8CC41E6B21E99AF800885BD1 /* PhotoViewController.swift */,
				8C0C649B21E97270005F2E2A /* Main.storyboard */,
				8C0C649E21E97271005F2E2A /* Assets.xcassets */,
				8C0C64A021E97271005F2E2A /* LaunchScreen.storyboard */,
				8C0C64A321E97271005F2E2A /* Info.plist */,
			);
			path = "Do It For The Gram";
			sourceTree = "<group>";
		};
		B2448DDD5635BBBBC8EACD43 /* Frameworks */ = {
			isa = PBXGroup;
			children = (
				CF2C358A39F57E64B9D5686C /* Pods_Do_It_For_The_Gram.framework */,
			);
			name = Frameworks;
			sourceTree = "<group>";
		};
		E15B8F9955A6194A79833CC7 /* Pods */ = {
			isa = PBXGroup;
			children = (
				DCC3CF9E0BF819A72CB52FAE /* Pods-Do It For The Gram.debug.xcconfig */,
				998CADD35ED7FA174907109E /* Pods-Do It For The Gram.release.xcconfig */,
			);
			name = Pods;
			sourceTree = "<group>";
		};
/* End PBXGroup section */

/* Begin PBXNativeTarget section */
		8C0C649321E97270005F2E2A /* Do It For The Gram */ = {
			isa = PBXNativeTarget;
			buildConfigurationList = 8C0C64A621E97271005F2E2A /* Build configuration list for PBXNativeTarget "Do It For The Gram" */;
			buildPhases = (
				3C44BDF3167D43D2ECC02675 /* [CP] Check Pods Manifest.lock */,
				8C0C649021E97270005F2E2A /* Sources */,
				8C0C649121E97270005F2E2A /* Frameworks */,
				8C0C649221E97270005F2E2A /* Resources */,
				9500CA55D45961E8ACA39087 /* [CP] Embed Pods Frameworks */,
			);
			buildRules = (
			);
			dependencies = (
			);
			name = "Do It For The Gram";
			productName = "Do It For The Gram";
			productReference = 8C0C649421E97270005F2E2A /* Do It For The Gram.app */;
			productType = "com.apple.product-type.application";
		};
/* End PBXNativeTarget section */

/* Begin PBXProject section */
		8C0C648C21E97270005F2E2A /* Project object */ = {
			isa = PBXProject;
			attributes = {
				LastSwiftUpdateCheck = 1010;
				LastUpgradeCheck = 1010;
				ORGANIZATIONNAME = "Charles Martin Reed";
				TargetAttributes = {
					8C0C649321E97270005F2E2A = {
						CreatedOnToolsVersion = 10.1;
					};
				};
			};
			buildConfigurationList = 8C0C648F21E97270005F2E2A /* Build configuration list for PBXProject "Do It For The Gram" */;
			compatibilityVersion = "Xcode 9.3";
			developmentRegion = en;
			hasScannedForEncodings = 0;
			knownRegions = (
				en,
				Base,
			);
			mainGroup = 8C0C648B21E97270005F2E2A;
			productRefGroup = 8C0C649521E97270005F2E2A /* Products */;
			projectDirPath = "";
			projectRoot = "";
			targets = (
				8C0C649321E97270005F2E2A /* Do It For The Gram */,
			);
		};
/* End PBXProject section */

/* Begin PBXResourcesBuildPhase section */
		8C0C649221E97270005F2E2A /* Resources */ = {
			isa = PBXResourcesBuildPhase;
			buildActionMask = 2147483647;
			files = (
				8C0C64A221E97271005F2E2A /* LaunchScreen.storyboard in Resources */,
				8C0C649F21E97271005F2E2A /* Assets.xcassets in Resources */,
				8C0C649D21E97270005F2E2A /* Main.storyboard in Resources */,
			);
			runOnlyForDeploymentPostprocessing = 0;
		};
/* End PBXResourcesBuildPhase section */

/* Begin PBXShellScriptBuildPhase section */
		3C44BDF3167D43D2ECC02675 /* [CP] Check Pods Manifest.lock */ = {
			isa = PBXShellScriptBuildPhase;
			buildActionMask = 2147483647;
			files = (
			);
			inputPaths = (
				"${PODS_PODFILE_DIR_PATH}/Podfile.lock",
				"${PODS_ROOT}/Manifest.lock",
			);
			name = "[CP] Check Pods Manifest.lock";
			outputPaths = (
				"$(DERIVED_FILE_DIR)/Pods-Do It For The Gram-checkManifestLockResult.txt",
			);
			runOnlyForDeploymentPostprocessing = 0;
			shellPath = /bin/sh;
			shellScript = "diff \"${PODS_PODFILE_DIR_PATH}/Podfile.lock\" \"${PODS_ROOT}/Manifest.lock\" > /dev/null\nif [ $? != 0 ] ; then\n    # print error to STDERR\n    echo \"error: The sandbox is not in sync with the Podfile.lock. Run 'pod install' or update your CocoaPods installation.\" >&2\n    exit 1\nfi\n# This output is used by Xcode 'outputs' to avoid re-running this script phase.\necho \"SUCCESS\" > \"${SCRIPT_OUTPUT_FILE_0}\"\n";
			showEnvVarsInLog = 0;
		};
		9500CA55D45961E8ACA39087 /* [CP] Embed Pods Frameworks */ = {
			isa = PBXShellScriptBuildPhase;
			buildActionMask = 2147483647;
			files = (
			);
			inputPaths = (
				"${SRCROOT}/Pods/Target Support Files/Pods-Do It For The Gram/Pods-Do It For The Gram-frameworks.sh",
				"${BUILT_PRODUCTS_DIR}/Bolts/Bolts.framework",
				"${BUILT_PRODUCTS_DIR}/FBSDKCoreKit/FBSDKCoreKit.framework",
				"${BUILT_PRODUCTS_DIR}/FBSDKLoginKit/FBSDKLoginKit.framework",
				"${BUILT_PRODUCTS_DIR}/Parse/Parse.framework",
			);
			name = "[CP] Embed Pods Frameworks";
			outputPaths = (
				"${TARGET_BUILD_DIR}/${FRAMEWORKS_FOLDER_PATH}/Bolts.framework",
				"${TARGET_BUILD_DIR}/${FRAMEWORKS_FOLDER_PATH}/FBSDKCoreKit.framework",
				"${TARGET_BUILD_DIR}/${FRAMEWORKS_FOLDER_PATH}/FBSDKLoginKit.framework",
				"${TARGET_BUILD_DIR}/${FRAMEWORKS_FOLDER_PATH}/Parse.framework",
			);
			runOnlyForDeploymentPostprocessing = 0;
			shellPath = /bin/sh;
			shellScript = "\"${SRCROOT}/Pods/Target Support Files/Pods-Do It For The Gram/Pods-Do It For The Gram-frameworks.sh\"\n";
			showEnvVarsInLog = 0;
		};
/* End PBXShellScriptBuildPhase section */

/* Begin PBXSourcesBuildPhase section */
		8C0C649021E97270005F2E2A /* Sources */ = {
			isa = PBXSourcesBuildPhase;
			buildActionMask = 2147483647;
			files = (
				8C0C649A21E97270005F2E2A /* ViewController.swift in Sources */,
				8C0C649821E97270005F2E2A /* AppDelegate.swift in Sources */,
				8CC41E6C21E99AF800885BD1 /* PhotoViewController.swift in Sources */,
			);
			runOnlyForDeploymentPostprocessing = 0;
		};
/* End PBXSourcesBuildPhase section */

/* Begin PBXVariantGroup section */
		8C0C649B21E97270005F2E2A /* Main.storyboard */ = {
			isa = PBXVariantGroup;
			children = (
				8C0C649C21E97270005F2E2A /* Base */,
			);
			name = Main.storyboard;
			sourceTree = "<group>";
		};
		8C0C64A021E97271005F2E2A /* LaunchScreen.storyboard */ = {
			isa = PBXVariantGroup;
			children = (
				8C0C64A121E97271005F2E2A /* Base */,
			);
			name = LaunchScreen.storyboard;
			sourceTree = "<group>";
		};
/* End PBXVariantGroup section */

/* Begin XCBuildConfiguration section */
		8C0C64A421E97271005F2E2A /* Debug */ = {
			isa = XCBuildConfiguration;
			buildSettings = {
				ALWAYS_SEARCH_USER_PATHS = NO;
				CLANG_ANALYZER_NONNULL = YES;
				CLANG_ANALYZER_NUMBER_OBJECT_CONVERSION = YES_AGGRESSIVE;
				CLANG_CXX_LANGUAGE_STANDARD = "gnu++14";
				CLANG_CXX_LIBRARY = "libc++";
				CLANG_ENABLE_MODULES = YES;
				CLANG_ENABLE_OBJC_ARC = YES;
				CLANG_ENABLE_OBJC_WEAK = YES;
				CLANG_WARN_BLOCK_CAPTURE_AUTORELEASING = YES;
				CLANG_WARN_BOOL_CONVERSION = YES;
				CLANG_WARN_COMMA = YES;
				CLANG_WARN_CONSTANT_CONVERSION = YES;
				CLANG_WARN_DEPRECATED_OBJC_IMPLEMENTATIONS = YES;
				CLANG_WARN_DIRECT_OBJC_ISA_USAGE = YES_ERROR;
				CLANG_WARN_DOCUMENTATION_COMMENTS = YES;
				CLANG_WARN_EMPTY_BODY = YES;
				CLANG_WARN_ENUM_CONVERSION = YES;
				CLANG_WARN_INFINITE_RECURSION = YES;
				CLANG_WARN_INT_CONVERSION = YES;
				CLANG_WARN_NON_LITERAL_NULL_CONVERSION = YES;
				CLANG_WARN_OBJC_IMPLICIT_RETAIN_SELF = YES;
				CLANG_WARN_OBJC_LITERAL_CONVERSION = YES;
				CLANG_WARN_OBJC_ROOT_CLASS = YES_ERROR;
				CLANG_WARN_RANGE_LOOP_ANALYSIS = YES;
				CLANG_WARN_STRICT_PROTOTYPES = YES;
				CLANG_WARN_SUSPICIOUS_MOVE = YES;
				CLANG_WARN_UNGUARDED_AVAILABILITY = YES_AGGRESSIVE;
				CLANG_WARN_UNREACHABLE_CODE = YES;
				CLANG_WARN__DUPLICATE_METHOD_MATCH = YES;
				CODE_SIGN_IDENTITY = "iPhone Developer";
				COPY_PHASE_STRIP = NO;
				DEBUG_INFORMATION_FORMAT = dwarf;
				ENABLE_STRICT_OBJC_MSGSEND = YES;
				ENABLE_TESTABILITY = YES;
				GCC_C_LANGUAGE_STANDARD = gnu11;
				GCC_DYNAMIC_NO_PIC = NO;
				GCC_NO_COMMON_BLOCKS = YES;
				GCC_OPTIMIZATION_LEVEL = 0;
				GCC_PREPROCESSOR_DEFINITIONS = (
					"DEBUG=1",
					"$(inherited)",
				);
				GCC_WARN_64_TO_32_BIT_CONVERSION = YES;
				GCC_WARN_ABOUT_RETURN_TYPE = YES_ERROR;
				GCC_WARN_UNDECLARED_SELECTOR = YES;
				GCC_WARN_UNINITIALIZED_AUTOS = YES_AGGRESSIVE;
				GCC_WARN_UNUSED_FUNCTION = YES;
				GCC_WARN_UNUSED_VARIABLE = YES;
				IPHONEOS_DEPLOYMENT_TARGET = 12.1;
				MTL_ENABLE_DEBUG_INFO = INCLUDE_SOURCE;
				MTL_FAST_MATH = YES;
				ONLY_ACTIVE_ARCH = YES;
				SDKROOT = iphoneos;
				SWIFT_ACTIVE_COMPILATION_CONDITIONS = DEBUG;
				SWIFT_OPTIMIZATION_LEVEL = "-Onone";
			};
			name = Debug;
		};
		8C0C64A521E97271005F2E2A /* Release */ = {
			isa = XCBuildConfiguration;
			buildSettings = {
				ALWAYS_SEARCH_USER_PATHS = NO;
				CLANG_ANALYZER_NONNULL = YES;
				CLANG_ANALYZER_NUMBER_OBJECT_CONVERSION = YES_AGGRESSIVE;
				CLANG_CXX_LANGUAGE_STANDARD = "gnu++14";
				CLANG_CXX_LIBRARY = "libc++";
				CLANG_ENABLE_MODULES = YES;
				CLANG_ENABLE_OBJC_ARC = YES;
				CLANG_ENABLE_OBJC_WEAK = YES;
				CLANG_WARN_BLOCK_CAPTURE_AUTORELEASING = YES;
				CLANG_WARN_BOOL_CONVERSION = YES;
				CLANG_WARN_COMMA = YES;
				CLANG_WARN_CONSTANT_CONVERSION = YES;
				CLANG_WARN_DEPRECATED_OBJC_IMPLEMENTATIONS = YES;
				CLANG_WARN_DIRECT_OBJC_ISA_USAGE = YES_ERROR;
				CLANG_WARN_DOCUMENTATION_COMMENTS = YES;
				CLANG_WARN_EMPTY_BODY = YES;
				CLANG_WARN_ENUM_CONVERSION = YES;
				CLANG_WARN_INFINITE_RECURSION = YES;
				CLANG_WARN_INT_CONVERSION = YES;
				CLANG_WARN_NON_LITERAL_NULL_CONVERSION = YES;
				CLANG_WARN_OBJC_IMPLICIT_RETAIN_SELF = YES;
				CLANG_WARN_OBJC_LITERAL_CONVERSION = YES;
				CLANG_WARN_OBJC_ROOT_CLASS = YES_ERROR;
				CLANG_WARN_RANGE_LOOP_ANALYSIS = YES;
				CLANG_WARN_STRICT_PROTOTYPES = YES;
				CLANG_WARN_SUSPICIOUS_MOVE = YES;
				CLANG_WARN_UNGUARDED_AVAILABILITY = YES_AGGRESSIVE;
				CLANG_WARN_UNREACHABLE_CODE = YES;
				CLANG_WARN__DUPLICATE_METHOD_MATCH = YES;
				CODE_SIGN_IDENTITY = "iPhone Developer";
				COPY_PHASE_STRIP = NO;
				DEBUG_INFORMATION_FORMAT = "dwarf-with-dsym";
				ENABLE_NS_ASSERTIONS = NO;
				ENABLE_STRICT_OBJC_MSGSEND = YES;
				GCC_C_LANGUAGE_STANDARD = gnu11;
				GCC_NO_COMMON_BLOCKS = YES;
				GCC_WARN_64_TO_32_BIT_CONVERSION = YES;
				GCC_WARN_ABOUT_RETURN_TYPE = YES_ERROR;
				GCC_WARN_UNDECLARED_SELECTOR = YES;
				GCC_WARN_UNINITIALIZED_AUTOS = YES_AGGRESSIVE;
				GCC_WARN_UNUSED_FUNCTION = YES;
				GCC_WARN_UNUSED_VARIABLE = YES;
				IPHONEOS_DEPLOYMENT_TARGET = 12.1;
				MTL_ENABLE_DEBUG_INFO = NO;
				MTL_FAST_MATH = YES;
				SDKROOT = iphoneos;
				SWIFT_COMPILATION_MODE = wholemodule;
				SWIFT_OPTIMIZATION_LEVEL = "-O";
				VALIDATE_PRODUCT = YES;
			};
			name = Release;
		};
		8C0C64A721E97271005F2E2A /* Debug */ = {
			isa = XCBuildConfiguration;
			baseConfigurationReference = DCC3CF9E0BF819A72CB52FAE /* Pods-Do It For The Gram.debug.xcconfig */;
			buildSettings = {
				ASSETCATALOG_COMPILER_APPICON_NAME = AppIcon;
				CODE_SIGN_STYLE = Automatic;
				INFOPLIST_FILE = "Do It For The Gram/Info.plist";
				LD_RUNPATH_SEARCH_PATHS = (
					"$(inherited)",
					"@executable_path/Frameworks",
				);
				PRODUCT_BUNDLE_IDENTIFIER = "com.charlesmartinreed.Do-It-For-The-Gram";
				PRODUCT_NAME = "$(TARGET_NAME)";
				SWIFT_VERSION = 4.2;
				TARGETED_DEVICE_FAMILY = "1,2";
			};
			name = Debug;
		};
		8C0C64A821E97271005F2E2A /* Release */ = {
			isa = XCBuildConfiguration;
			baseConfigurationReference = 998CADD35ED7FA174907109E /* Pods-Do It For The Gram.release.xcconfig */;
			buildSettings = {
				ASSETCATALOG_COMPILER_APPICON_NAME = AppIcon;
				CODE_SIGN_STYLE = Automatic;
				INFOPLIST_FILE = "Do It For The Gram/Info.plist";
				LD_RUNPATH_SEARCH_PATHS = (
					"$(inherited)",
					"@executable_path/Frameworks",
				);
				PRODUCT_BUNDLE_IDENTIFIER = "com.charlesmartinreed.Do-It-For-The-Gram";
				PRODUCT_NAME = "$(TARGET_NAME)";
				SWIFT_VERSION = 4.2;
				TARGETED_DEVICE_FAMILY = "1,2";
			};
			name = Release;
		};
/* End XCBuildConfiguration section */

/* Begin XCConfigurationList section */
		8C0C648F21E97270005F2E2A /* Build configuration list for PBXProject "Do It For The Gram" */ = {
			isa = XCConfigurationList;
			buildConfigurations = (
				8C0C64A421E97271005F2E2A /* Debug */,
				8C0C64A521E97271005F2E2A /* Release */,
			);
			defaultConfigurationIsVisible = 0;
			defaultConfigurationName = Release;
		};
		8C0C64A621E97271005F2E2A /* Build configuration list for PBXNativeTarget "Do It For The Gram" */ = {
			isa = XCConfigurationList;
			buildConfigurations = (
				8C0C64A721E97271005F2E2A /* Debug */,
				8C0C64A821E97271005F2E2A /* Release */,
			);
			defaultConfigurationIsVisible = 0;
			defaultConfigurationName = Release;
		};
/* End XCConfigurationList section */
	};
	rootObject = 8C0C648C21E97270005F2E2A /* Project object */;
}
